
Microsoft Visual Studio Solution File, Format Version 12.00
# Visual Studio 15
VisualStudioVersion = 15.0.26228.4
MinimumVisualStudioVersion = 10.0.40219.1
Project("{2150E333-8FDC-42A3-9474-1A3956D46DE8}") = "Source", "Source", "{3040BFE5-19CF-4E91-9F54-2FEDBC747F40}"
EndProject
Project("{2150E333-8FDC-42A3-9474-1A3956D46DE8}") = "Infrastructure", "Infrastructure", "{9B37EB4C-F8CB-4725-BF24-03071DE9AE74}"
EndProject
Project("{FAE04EC0-301F-11D3-BF4B-00C04F79EFBC}") = "Infrastructure.Interface", "Source\Infrastructure\Interface\Infrastructure.Interface.csproj", "{BE39A9ED-D4C6-42E7-91D6-63D9B1D185C6}"
EndProject
Project("{FAE04EC0-301F-11D3-BF4B-00C04F79EFBC}") = "Shell", "Source\Infrastructure\Shell\Shell.csproj", "{92DC10E6-DDE9-4892-9798-B57D5FBAA291}"
EndProject
Project("{2150E333-8FDC-42A3-9474-1A3956D46DE8}") = "Appraisals", "Appraisals", "{988FFD2D-7A98-4F25-88F8-37053AE44CCF}"
EndProject
Project("{FAE04EC0-301F-11D3-BF4B-00C04F79EFBC}") = "AppraisalServiceAgent", "Source\Appraisals\ServiceAgent\AppraisalServiceAgent.csproj", "{42BE5F66-61F7-4BAD-81BA-FEDC8D76F207}"
EndProject
Project("{FAE04EC0-301F-11D3-BF4B-00C04F79EFBC}") = "WebServiceProxies", "Source\Appraisals\ServiceProxies\WebServiceProxies.csproj", "{DF86D69F-6F94-4A40-8805-0B652FD87028}"
EndProject
Project("{FAE04EC0-301F-11D3-BF4B-00C04F79EFBC}") = "AppraiserWorkbenchModule", "Source\Appraisals\Module\AppraiserWorkbenchModule.csproj", "{2594643B-1720-44EA-B0A0-16137CEA6805}"
EndProject
Project("{2150E333-8FDC-42A3-9474-1A3956D46DE8}") = "Unit Tests", "Unit Tests", "{9483E4C4-1E25-4715-B365-5EBEC0929858}"
EndProject
Project("{2150E333-8FDC-42A3-9474-1A3956D46DE8}") = "Appraisals", "Appraisals", "{5C30F2BD-9028-48FE-875F-9CE9B29176AC}"
EndProject
Project("{2150E333-8FDC-42A3-9474-1A3956D46DE8}") = "Infrastructure", "Infrastructure", "{A7715536-560B-4BD1-A5F7-2B0382461008}"
EndProject
Project("{FAE04EC0-301F-11D3-BF4B-00C04F79EFBC}") = "AppraisalServiceAgent.Tests", "UnitTests\AppraisalServiceAgent.Tests\AppraisalServiceAgent.Tests.csproj", "{1665D6F9-D42B-4162-BADB-F129A171BE70}"
EndProject
Project("{FAE04EC0-301F-11D3-BF4B-00C04F79EFBC}") = "AppraiserWorkbenchModule.Tests", "UnitTests\AppraiserWorkbenchModule.Tests\AppraiserWorkbenchModule.Tests.csproj", "{BB741CD6-F4FD-44CD-96B5-0D1F028E9C8E}"
EndProject
Project("{FAE04EC0-301F-11D3-BF4B-00C04F79EFBC}") = "Shell.Tests", "UnitTests\Shell.Tests\Shell.Tests.csproj", "{391A3AF3-BB46-4CD1-9826-7615D98B86F1}"
EndProject
Project("{FAE04EC0-301F-11D3-BF4B-00C04F79EFBC}") = "UnitTest.Library", "UnitTests\Library\UnitTest.Library.csproj", "{E231F6FD-F010-4EF3-8131-3563567505BB}"
EndProject
Global
	GlobalSection(SolutionConfigurationPlatforms) = preSolution
		Debug|Any CPU = Debug|Any CPU
		Release|Any CPU = Release|Any CPU
	EndGlobalSection
	GlobalSection(ProjectConfigurationPlatforms) = postSolution
		{BE39A9ED-D4C6-42E7-91D6-63D9B1D185C6}.Debug|Any CPU.ActiveCfg = Debug|Any CPU
		{BE39A9ED-D4C6-42E7-91D6-63D9B1D185C6}.Debug|Any CPU.Build.0 = Debug|Any CPU
		{BE39A9ED-D4C6-42E7-91D6-63D9B1D185C6}.Release|Any CPU.ActiveCfg = Release|Any CPU
		{BE39A9ED-D4C6-42E7-91D6-63D9B1D185C6}.Release|Any CPU.Build.0 = Release|Any CPU
		{92DC10E6-DDE9-4892-9798-B57D5FBAA291}.Debug|Any CPU.ActiveCfg = Debug|Any CPU
		{92DC10E6-DDE9-4892-9798-B57D5FBAA291}.Debug|Any CPU.Build.0 = Debug|Any CPU
		{92DC10E6-DDE9-4892-9798-B57D5FBAA291}.Release|Any CPU.ActiveCfg = Release|Any CPU
		{92DC10E6-DDE9-4892-9798-B57D5FBAA291}.Release|Any CPU.Build.0 = Release|Any CPU
		{42BE5F66-61F7-4BAD-81BA-FEDC8D76F207}.Debug|Any CPU.ActiveCfg = Debug|Any CPU
		{42BE5F66-61F7-4BAD-81BA-FEDC8D76F207}.Debug|Any CPU.Build.0 = Debug|Any CPU
		{42BE5F66-61F7-4BAD-81BA-FEDC8D76F207}.Release|Any CPU.ActiveCfg = Release|Any CPU
		{42BE5F66-61F7-4BAD-81BA-FEDC8D76F207}.Release|Any CPU.Build.0 = Release|Any CPU
		{DF86D69F-6F94-4A40-8805-0B652FD87028}.Debug|Any CPU.ActiveCfg = Debug|Any CPU
		{DF86D69F-6F94-4A40-8805-0B652FD87028}.Debug|Any CPU.Build.0 = Debug|Any CPU
		{DF86D69F-6F94-4A40-8805-0B652FD87028}.Release|Any CPU.ActiveCfg = Release|Any CPU
		{DF86D69F-6F94-4A40-8805-0B652FD87028}.Release|Any CPU.Build.0 = Release|Any CPU
		{2594643B-1720-44EA-B0A0-16137CEA6805}.Debug|Any CPU.ActiveCfg = Debug|Any CPU
		{2594643B-1720-44EA-B0A0-16137CEA6805}.Debug|Any CPU.Build.0 = Debug|Any CPU
		{2594643B-1720-44EA-B0A0-16137CEA6805}.Release|Any CPU.ActiveCfg = Release|Any CPU
		{2594643B-1720-44EA-B0A0-16137CEA6805}.Release|Any CPU.Build.0 = Release|Any CPU
		{1665D6F9-D42B-4162-BADB-F129A171BE70}.Debug|Any CPU.ActiveCfg = Debug|Any CPU
		{1665D6F9-D42B-4162-BADB-F129A171BE70}.Debug|Any CPU.Build.0 = Debug|Any CPU
		{1665D6F9-D42B-4162-BADB-F129A171BE70}.Release|Any CPU.ActiveCfg = Release|Any CPU
		{1665D6F9-D42B-4162-BADB-F129A171BE70}.Release|Any CPU.Build.0 = Release|Any CPU
		{BB741CD6-F4FD-44CD-96B5-0D1F028E9C8E}.Debug|Any CPU.ActiveCfg = Debug|Any CPU
		{BB741CD6-F4FD-44CD-96B5-0D1F028E9C8E}.Debug|Any CPU.Build.0 = Debug|Any CPU
		{BB741CD6-F4FD-44CD-96B5-0D1F028E9C8E}.Release|Any CPU.ActiveCfg = Release|Any CPU
		{BB741CD6-F4FD-44CD-96B5-0D1F028E9C8E}.Release|Any CPU.Build.0 = Release|Any CPU
		{391A3AF3-BB46-4CD1-9826-7615D98B86F1}.Debug|Any CPU.ActiveCfg = Debug|Any CPU
		{391A3AF3-BB46-4CD1-9826-7615D98B86F1}.Debug|Any CPU.Build.0 = Debug|Any CPU
		{391A3AF3-BB46-4CD1-9826-7615D98B86F1}.Release|Any CPU.ActiveCfg = Release|Any CPU
		{391A3AF3-BB46-4CD1-9826-7615D98B86F1}.Release|Any CPU.Build.0 = Release|Any CPU
		{E231F6FD-F010-4EF3-8131-3563567505BB}.Debug|Any CPU.ActiveCfg = Debug|Any CPU
		{E231F6FD-F010-4EF3-8131-3563567505BB}.Debug|Any CPU.Build.0 = Debug|Any CPU
		{E231F6FD-F010-4EF3-8131-3563567505BB}.Release|Any CPU.ActiveCfg = Release|Any CPU
		{E231F6FD-F010-4EF3-8131-3563567505BB}.Release|Any CPU.Build.0 = Release|Any CPU
	EndGlobalSection
	GlobalSection(SolutionProperties) = preSolution
		HideSolutionNode = FALSE
	EndGlobalSection
	GlobalSection(NestedProjects) = preSolution
		{9B37EB4C-F8CB-4725-BF24-03071DE9AE74} = {3040BFE5-19CF-4E91-9F54-2FEDBC747F40}
		{BE39A9ED-D4C6-42E7-91D6-63D9B1D185C6} = {9B37EB4C-F8CB-4725-BF24-03071DE9AE74}
		{92DC10E6-DDE9-4892-9798-B57D5FBAA291} = {9B37EB4C-F8CB-4725-BF24-03071DE9AE74}
		{988FFD2D-7A98-4F25-88F8-37053AE44CCF} = {3040BFE5-19CF-4E91-9F54-2FEDBC747F40}
		{42BE5F66-61F7-4BAD-81BA-FEDC8D76F207} = {988FFD2D-7A98-4F25-88F8-37053AE44CCF}
		{DF86D69F-6F94-4A40-8805-0B652FD87028} = {988FFD2D-7A98-4F25-88F8-37053AE44CCF}
		{2594643B-1720-44EA-B0A0-16137CEA6805} = {988FFD2D-7A98-4F25-88F8-37053AE44CCF}
		{5C30F2BD-9028-48FE-875F-9CE9B29176AC} = {9483E4C4-1E25-4715-B365-5EBEC0929858}
		{A7715536-560B-4BD1-A5F7-2B0382461008} = {9483E4C4-1E25-4715-B365-5EBEC0929858}
		{1665D6F9-D42B-4162-BADB-F129A171BE70} = {5C30F2BD-9028-48FE-875F-9CE9B29176AC}
		{BB741CD6-F4FD-44CD-96B5-0D1F028E9C8E} = {5C30F2BD-9028-48FE-875F-9CE9B29176AC}
		{391A3AF3-BB46-4CD1-9826-7615D98B86F1} = {A7715536-560B-4BD1-A5F7-2B0382461008}
		{E231F6FD-F010-4EF3-8131-3563567505BB} = {9483E4C4-1E25-4715-B365-5EBEC0929858}
	EndGlobalSection
EndGlobal
