
Microsoft Visual Studio Solution File, Format Version 12.00
# Visual Studio 15
VisualStudioVersion = 15.0.26228.4
MinimumVisualStudioVersion = 10.0.40219.1
Project("{2150E333-8FDC-42A3-9474-1A3956D46DE8}") = "Infrastructure", "Infrastructure", "{D136F3DA-C23E-436B-B07B-728D79D69762}"
EndProject
Project("{FAE04EC0-301F-11D3-BF4B-00C04F79EFBC}") = "Infrastructure.Interface", "Source\Src\Infrastructure\Interface\Infrastructure.Interface.csproj", "{44CA49D0-9245-4BA1-A3CB-DA3735B9558F}"
EndProject
Project("{FAE04EC0-301F-11D3-BF4B-00C04F79EFBC}") = "Infrastructure.Library", "Source\Src\Infrastructure\Library\Infrastructure.Library.csproj", "{1B5478B7-41FF-4DAF-B7D6-9C8B5F61B944}"
EndProject
Project("{FAE04EC0-301F-11D3-BF4B-00C04F79EFBC}") = "Infrastructure.Module", "Source\Src\Infrastructure\Module\Infrastructure.Module.csproj", "{AA38CEC3-7127-4400-8E4C-0614F826E9B2}"
EndProject
Project("{FAE04EC0-301F-11D3-BF4B-00C04F79EFBC}") = "Shell", "Source\Src\Infrastructure\Shell\Shell.csproj", "{8C6D1E03-AFA6-4A22-B0BB-A0E988EF9642}"
EndProject
Project("{FAE04EC0-301F-11D3-BF4B-00C04F79EFBC}") = "Infrastructure.UI", "Source\Src\Infrastructure\UI\Infrastructure.UI.csproj", "{172527E5-B03E-4E85-9906-28A9BE4A2607}"
EndProject
Project("{2150E333-8FDC-42A3-9474-1A3956D46DE8}") = "BranchSystems", "BranchSystems", "{359E98BB-D243-4A2C-9F7D-91B3085ACF22}"
EndProject
Project("{FAE04EC0-301F-11D3-BF4B-00C04F79EFBC}") = "BranchSystems.Interface", "Source\Src\BranchSystems\Interface\BranchSystems.Interface.csproj", "{D9DC6CBB-F416-4CB0-833B-C0AA248E0A3C}"
EndProject
Project("{FAE04EC0-301F-11D3-BF4B-00C04F79EFBC}") = "BranchSystems.Layout", "Source\Src\BranchSystems\Layout\BranchSystems.Layout.csproj", "{54E0A753-E2B5-43D0-AFF1-C682684F7790}"
EndProject
Project("{FAE04EC0-301F-11D3-BF4B-00C04F79EFBC}") = "BranchSystems.Module", "Source\Src\BranchSystems\Module\BranchSystems.Module.csproj", "{631B8A59-14CC-474C-8FA6-7615F295FC19}"
EndProject
Project("{FAE04EC0-301F-11D3-BF4B-00C04F79EFBC}") = "BranchSystems.ServiceProxies", "Source\Src\BranchSystems\ServiceProxies\BranchSystems.ServiceProxies.csproj", "{D3605709-E694-40FE-95B4-CBCAC049056D}"
EndProject
Project("{2150E333-8FDC-42A3-9474-1A3956D46DE8}") = "BasicAccounts", "BasicAccounts", "{369A8C31-5D96-4A77-8941-7BDD410FD375}"
EndProject
Project("{FAE04EC0-301F-11D3-BF4B-00C04F79EFBC}") = "BasicAccounts.ServiceProxies", "Source\Src\BasicAccounts\BasicAccounts.ServiceProxies\BasicAccounts.ServiceProxies.csproj", "{6C9F6DD6-525A-4678-84A9-F904A5D42A6A}"
EndProject
Project("{FAE04EC0-301F-11D3-BF4B-00C04F79EFBC}") = "BasicAccounts.Interface", "Source\Src\BasicAccounts\Interface\BasicAccounts.Interface.csproj", "{8D7B5EFE-2FAE-4858-9153-EDD633D01D0E}"
EndProject
Project("{FAE04EC0-301F-11D3-BF4B-00C04F79EFBC}") = "BasicAccounts.Module", "Source\Src\BasicAccounts\Module\BasicAccounts.Module.csproj", "{76BCFC64-B5E1-480C-A710-247B474CE97A}"
EndProject
Project("{2150E333-8FDC-42A3-9474-1A3956D46DE8}") = "CreditCardAccounts", "CreditCardAccounts", "{07CE9D2B-5968-4421-860B-2C9F830456C4}"
EndProject
Project("{FAE04EC0-301F-11D3-BF4B-00C04F79EFBC}") = "CreditCardAccounts.Interface", "Source\Src\CreditCardAccounts\CreditCardAccounts.Interface\CreditCardAccounts.Interface.csproj", "{F3747137-00F6-421E-B092-73C1448298F5}"
EndProject
Project("{FAE04EC0-301F-11D3-BF4B-00C04F79EFBC}") = "CreditCardAccounts.Module", "Source\Src\CreditCardAccounts\CreditCardAccounts.Module\CreditCardAccounts.Module.csproj", "{27F10D20-3335-4611-ACE1-4D1929D3CBB4}"
EndProject
Project("{2150E333-8FDC-42A3-9474-1A3956D46DE8}") = "Unit Tests", "Unit Tests", "{F6BF9DF1-B5BE-492B-BD51-6E5468828047}"
EndProject
Project("{2150E333-8FDC-42A3-9474-1A3956D46DE8}") = "BasicAccounts", "BasicAccounts", "{07517BE7-4B46-4BAA-B756-31C6379BCE27}"
EndProject
Project("{2150E333-8FDC-42A3-9474-1A3956D46DE8}") = "BranchSystems", "BranchSystems", "{34ED3D1F-CF34-40E1-AE27-D5CCAEB279AF}"
EndProject
Project("{2150E333-8FDC-42A3-9474-1A3956D46DE8}") = "Infrastructure", "Infrastructure", "{51AF98F4-A1E1-4AA5-9EEF-F0DFED0B596A}"
EndProject
Project("{FAE04EC0-301F-11D3-BF4B-00C04F79EFBC}") = "BasicAccounts.Module.Tests", "UnitTests\BasicAccounts\Module.Tests\BasicAccounts.Module.Tests.csproj", "{B3C3B34B-82DF-4A4F-B0A7-04EDA54772D8}"
EndProject
Project("{FAE04EC0-301F-11D3-BF4B-00C04F79EFBC}") = "BranchSystems.Module.Tests", "UnitTests\BranchSystems\BranchSystems.Module.Tests\BranchSystems.Module.Tests.csproj", "{7B36143E-9B1A-455D-83A7-40AA6617C02F}"
EndProject
Project("{FAE04EC0-301F-11D3-BF4B-00C04F79EFBC}") = "Infrastructure.Library.Tests", "UnitTests\Infrastructure\Infrastructure.Library.Tests\Infrastructure.Library.Tests.csproj", "{293629EE-C111-4B9C-AB4E-A3912B8B9E79}"
EndProject
Project("{FAE04EC0-301F-11D3-BF4B-00C04F79EFBC}") = "Infrastructure.Module.Tests", "UnitTests\Infrastructure\Infrastructure.Module.Tests\Infrastructure.Module.Tests.csproj", "{944B1353-3FE3-4669-A98B-3456EB48144B}"
EndProject
Project("{FAE04EC0-301F-11D3-BF4B-00C04F79EFBC}") = "UnitTest.Library", "UnitTests\Library\UnitTest.Library.csproj", "{9F472F91-7E21-408D-821A-D8E996D69DDF}"
EndProject
Global
	GlobalSection(SolutionConfigurationPlatforms) = preSolution
		Debug|Any CPU = Debug|Any CPU
		Release|Any CPU = Release|Any CPU
	EndGlobalSection
	GlobalSection(ProjectConfigurationPlatforms) = postSolution
		{44CA49D0-9245-4BA1-A3CB-DA3735B9558F}.Debug|Any CPU.ActiveCfg = Debug|Any CPU
		{44CA49D0-9245-4BA1-A3CB-DA3735B9558F}.Debug|Any CPU.Build.0 = Debug|Any CPU
		{44CA49D0-9245-4BA1-A3CB-DA3735B9558F}.Release|Any CPU.ActiveCfg = Release|Any CPU
		{44CA49D0-9245-4BA1-A3CB-DA3735B9558F}.Release|Any CPU.Build.0 = Release|Any CPU
		{1B5478B7-41FF-4DAF-B7D6-9C8B5F61B944}.Debug|Any CPU.ActiveCfg = Debug|Any CPU
		{1B5478B7-41FF-4DAF-B7D6-9C8B5F61B944}.Debug|Any CPU.Build.0 = Debug|Any CPU
		{1B5478B7-41FF-4DAF-B7D6-9C8B5F61B944}.Release|Any CPU.ActiveCfg = Release|Any CPU
		{1B5478B7-41FF-4DAF-B7D6-9C8B5F61B944}.Release|Any CPU.Build.0 = Release|Any CPU
		{AA38CEC3-7127-4400-8E4C-0614F826E9B2}.Debug|Any CPU.ActiveCfg = Debug|Any CPU
		{AA38CEC3-7127-4400-8E4C-0614F826E9B2}.Debug|Any CPU.Build.0 = Debug|Any CPU
		{AA38CEC3-7127-4400-8E4C-0614F826E9B2}.Release|Any CPU.ActiveCfg = Release|Any CPU
		{AA38CEC3-7127-4400-8E4C-0614F826E9B2}.Release|Any CPU.Build.0 = Release|Any CPU
		{8C6D1E03-AFA6-4A22-B0BB-A0E988EF9642}.Debug|Any CPU.ActiveCfg = Debug|Any CPU
		{8C6D1E03-AFA6-4A22-B0BB-A0E988EF9642}.Debug|Any CPU.Build.0 = Debug|Any CPU
		{8C6D1E03-AFA6-4A22-B0BB-A0E988EF9642}.Release|Any CPU.ActiveCfg = Release|Any CPU
		{8C6D1E03-AFA6-4A22-B0BB-A0E988EF9642}.Release|Any CPU.Build.0 = Release|Any CPU
		{172527E5-B03E-4E85-9906-28A9BE4A2607}.Debug|Any CPU.ActiveCfg = Debug|Any CPU
		{172527E5-B03E-4E85-9906-28A9BE4A2607}.Debug|Any CPU.Build.0 = Debug|Any CPU
		{172527E5-B03E-4E85-9906-28A9BE4A2607}.Release|Any CPU.ActiveCfg = Release|Any CPU
		{172527E5-B03E-4E85-9906-28A9BE4A2607}.Release|Any CPU.Build.0 = Release|Any CPU
		{D9DC6CBB-F416-4CB0-833B-C0AA248E0A3C}.Debug|Any CPU.ActiveCfg = Debug|Any CPU
		{D9DC6CBB-F416-4CB0-833B-C0AA248E0A3C}.Debug|Any CPU.Build.0 = Debug|Any CPU
		{D9DC6CBB-F416-4CB0-833B-C0AA248E0A3C}.Release|Any CPU.ActiveCfg = Release|Any CPU
		{D9DC6CBB-F416-4CB0-833B-C0AA248E0A3C}.Release|Any CPU.Build.0 = Release|Any CPU
		{54E0A753-E2B5-43D0-AFF1-C682684F7790}.Debug|Any CPU.ActiveCfg = Debug|Any CPU
		{54E0A753-E2B5-43D0-AFF1-C682684F7790}.Debug|Any CPU.Build.0 = Debug|Any CPU
		{54E0A753-E2B5-43D0-AFF1-C682684F7790}.Release|Any CPU.ActiveCfg = Release|Any CPU
		{54E0A753-E2B5-43D0-AFF1-C682684F7790}.Release|Any CPU.Build.0 = Release|Any CPU
		{631B8A59-14CC-474C-8FA6-7615F295FC19}.Debug|Any CPU.ActiveCfg = Debug|Any CPU
		{631B8A59-14CC-474C-8FA6-7615F295FC19}.Debug|Any CPU.Build.0 = Debug|Any CPU
		{631B8A59-14CC-474C-8FA6-7615F295FC19}.Release|Any CPU.ActiveCfg = Release|Any CPU
		{631B8A59-14CC-474C-8FA6-7615F295FC19}.Release|Any CPU.Build.0 = Release|Any CPU
		{D3605709-E694-40FE-95B4-CBCAC049056D}.Debug|Any CPU.ActiveCfg = Debug|Any CPU
		{D3605709-E694-40FE-95B4-CBCAC049056D}.Debug|Any CPU.Build.0 = Debug|Any CPU
		{D3605709-E694-40FE-95B4-CBCAC049056D}.Release|Any CPU.ActiveCfg = Release|Any CPU
		{D3605709-E694-40FE-95B4-CBCAC049056D}.Release|Any CPU.Build.0 = Release|Any CPU
		{6C9F6DD6-525A-4678-84A9-F904A5D42A6A}.Debug|Any CPU.ActiveCfg = Debug|Any CPU
		{6C9F6DD6-525A-4678-84A9-F904A5D42A6A}.Debug|Any CPU.Build.0 = Debug|Any CPU
		{6C9F6DD6-525A-4678-84A9-F904A5D42A6A}.Release|Any CPU.ActiveCfg = Release|Any CPU
		{6C9F6DD6-525A-4678-84A9-F904A5D42A6A}.Release|Any CPU.Build.0 = Release|Any CPU
		{8D7B5EFE-2FAE-4858-9153-EDD633D01D0E}.Debug|Any CPU.ActiveCfg = Debug|Any CPU
		{8D7B5EFE-2FAE-4858-9153-EDD633D01D0E}.Debug|Any CPU.Build.0 = Debug|Any CPU
		{8D7B5EFE-2FAE-4858-9153-EDD633D01D0E}.Release|Any CPU.ActiveCfg = Release|Any CPU
		{8D7B5EFE-2FAE-4858-9153-EDD633D01D0E}.Release|Any CPU.Build.0 = Release|Any CPU
		{76BCFC64-B5E1-480C-A710-247B474CE97A}.Debug|Any CPU.ActiveCfg = Debug|Any CPU
		{76BCFC64-B5E1-480C-A710-247B474CE97A}.Debug|Any CPU.Build.0 = Debug|Any CPU
		{76BCFC64-B5E1-480C-A710-247B474CE97A}.Release|Any CPU.ActiveCfg = Release|Any CPU
		{76BCFC64-B5E1-480C-A710-247B474CE97A}.Release|Any CPU.Build.0 = Release|Any CPU
		{F3747137-00F6-421E-B092-73C1448298F5}.Debug|Any CPU.ActiveCfg = Debug|Any CPU
		{F3747137-00F6-421E-B092-73C1448298F5}.Debug|Any CPU.Build.0 = Debug|Any CPU
		{F3747137-00F6-421E-B092-73C1448298F5}.Release|Any CPU.ActiveCfg = Release|Any CPU
		{F3747137-00F6-421E-B092-73C1448298F5}.Release|Any CPU.Build.0 = Release|Any CPU
		{27F10D20-3335-4611-ACE1-4D1929D3CBB4}.Debug|Any CPU.ActiveCfg = Debug|Any CPU
		{27F10D20-3335-4611-ACE1-4D1929D3CBB4}.Debug|Any CPU.Build.0 = Debug|Any CPU
		{27F10D20-3335-4611-ACE1-4D1929D3CBB4}.Release|Any CPU.ActiveCfg = Release|Any CPU
		{27F10D20-3335-4611-ACE1-4D1929D3CBB4}.Release|Any CPU.Build.0 = Release|Any CPU
		{B3C3B34B-82DF-4A4F-B0A7-04EDA54772D8}.Debug|Any CPU.ActiveCfg = Debug|Any CPU
		{B3C3B34B-82DF-4A4F-B0A7-04EDA54772D8}.Debug|Any CPU.Build.0 = Debug|Any CPU
		{B3C3B34B-82DF-4A4F-B0A7-04EDA54772D8}.Release|Any CPU.ActiveCfg = Release|Any CPU
		{B3C3B34B-82DF-4A4F-B0A7-04EDA54772D8}.Release|Any CPU.Build.0 = Release|Any CPU
		{7B36143E-9B1A-455D-83A7-40AA6617C02F}.Debug|Any CPU.ActiveCfg = Debug|Any CPU
		{7B36143E-9B1A-455D-83A7-40AA6617C02F}.Debug|Any CPU.Build.0 = Debug|Any CPU
		{7B36143E-9B1A-455D-83A7-40AA6617C02F}.Release|Any CPU.ActiveCfg = Release|Any CPU
		{7B36143E-9B1A-455D-83A7-40AA6617C02F}.Release|Any CPU.Build.0 = Release|Any CPU
		{293629EE-C111-4B9C-AB4E-A3912B8B9E79}.Debug|Any CPU.ActiveCfg = Debug|Any CPU
		{293629EE-C111-4B9C-AB4E-A3912B8B9E79}.Debug|Any CPU.Build.0 = Debug|Any CPU
		{293629EE-C111-4B9C-AB4E-A3912B8B9E79}.Release|Any CPU.ActiveCfg = Release|Any CPU
		{293629EE-C111-4B9C-AB4E-A3912B8B9E79}.Release|Any CPU.Build.0 = Release|Any CPU
		{944B1353-3FE3-4669-A98B-3456EB48144B}.Debug|Any CPU.ActiveCfg = Debug|Any CPU
		{944B1353-3FE3-4669-A98B-3456EB48144B}.Debug|Any CPU.Build.0 = Debug|Any CPU
		{944B1353-3FE3-4669-A98B-3456EB48144B}.Release|Any CPU.ActiveCfg = Release|Any CPU
		{944B1353-3FE3-4669-A98B-3456EB48144B}.Release|Any CPU.Build.0 = Release|Any CPU
		{9F472F91-7E21-408D-821A-D8E996D69DDF}.Debug|Any CPU.ActiveCfg = Debug|Any CPU
		{9F472F91-7E21-408D-821A-D8E996D69DDF}.Debug|Any CPU.Build.0 = Debug|Any CPU
		{9F472F91-7E21-408D-821A-D8E996D69DDF}.Release|Any CPU.ActiveCfg = Release|Any CPU
		{9F472F91-7E21-408D-821A-D8E996D69DDF}.Release|Any CPU.Build.0 = Release|Any CPU
	EndGlobalSection
	GlobalSection(SolutionProperties) = preSolution
		HideSolutionNode = FALSE
	EndGlobalSection
	GlobalSection(NestedProjects) = preSolution
		{44CA49D0-9245-4BA1-A3CB-DA3735B9558F} = {D136F3DA-C23E-436B-B07B-728D79D69762}
		{1B5478B7-41FF-4DAF-B7D6-9C8B5F61B944} = {D136F3DA-C23E-436B-B07B-728D79D69762}
		{AA38CEC3-7127-4400-8E4C-0614F826E9B2} = {D136F3DA-C23E-436B-B07B-728D79D69762}
		{8C6D1E03-AFA6-4A22-B0BB-A0E988EF9642} = {D136F3DA-C23E-436B-B07B-728D79D69762}
		{172527E5-B03E-4E85-9906-28A9BE4A2607} = {D136F3DA-C23E-436B-B07B-728D79D69762}
		{D9DC6CBB-F416-4CB0-833B-C0AA248E0A3C} = {359E98BB-D243-4A2C-9F7D-91B3085ACF22}
		{54E0A753-E2B5-43D0-AFF1-C682684F7790} = {359E98BB-D243-4A2C-9F7D-91B3085ACF22}
		{631B8A59-14CC-474C-8FA6-7615F295FC19} = {359E98BB-D243-4A2C-9F7D-91B3085ACF22}
		{D3605709-E694-40FE-95B4-CBCAC049056D} = {359E98BB-D243-4A2C-9F7D-91B3085ACF22}
		{6C9F6DD6-525A-4678-84A9-F904A5D42A6A} = {369A8C31-5D96-4A77-8941-7BDD410FD375}
		{8D7B5EFE-2FAE-4858-9153-EDD633D01D0E} = {369A8C31-5D96-4A77-8941-7BDD410FD375}
		{76BCFC64-B5E1-480C-A710-247B474CE97A} = {369A8C31-5D96-4A77-8941-7BDD410FD375}
		{F3747137-00F6-421E-B092-73C1448298F5} = {07CE9D2B-5968-4421-860B-2C9F830456C4}
		{27F10D20-3335-4611-ACE1-4D1929D3CBB4} = {07CE9D2B-5968-4421-860B-2C9F830456C4}
		{07517BE7-4B46-4BAA-B756-31C6379BCE27} = {F6BF9DF1-B5BE-492B-BD51-6E5468828047}
		{34ED3D1F-CF34-40E1-AE27-D5CCAEB279AF} = {F6BF9DF1-B5BE-492B-BD51-6E5468828047}
		{51AF98F4-A1E1-4AA5-9EEF-F0DFED0B596A} = {F6BF9DF1-B5BE-492B-BD51-6E5468828047}
		{B3C3B34B-82DF-4A4F-B0A7-04EDA54772D8} = {07517BE7-4B46-4BAA-B756-31C6379BCE27}
		{7B36143E-9B1A-455D-83A7-40AA6617C02F} = {34ED3D1F-CF34-40E1-AE27-D5CCAEB279AF}
		{293629EE-C111-4B9C-AB4E-A3912B8B9E79} = {51AF98F4-A1E1-4AA5-9EEF-F0DFED0B596A}
		{944B1353-3FE3-4669-A98B-3456EB48144B} = {51AF98F4-A1E1-4AA5-9EEF-F0DFED0B596A}
		{9F472F91-7E21-408D-821A-D8E996D69DDF} = {F6BF9DF1-B5BE-492B-BD51-6E5468828047}
	EndGlobalSection
EndGlobal
